
Microsoft Visual Studio Solution File, Format Version 12.00
# Visual Studio 14
VisualStudioVersion = 14.0.25123.0
MinimumVisualStudioVersion = 10.0.40219.1
Project("{FAE04EC0-301F-11D3-BF4B-00C04F79EFBC}") = "JapanCrossworkSolver", "JapanCrossworkSolver\JapanCrossworkSolver.csproj", "{CE80B472-92BB-4A3A-9754-31F540429138}"
EndProject
Project("{FAE04EC0-301F-11D3-BF4B-00C04F79EFBC}") = "Tests", "Tests\Tests.csproj", "{F0F1A857-2C62-4C79-9C17-55C054D00390}"
EndProject
Project("{FAE04EC0-301F-11D3-BF4B-00C04F79EFBC}") = "Demo", "Demo\Demo.csproj", "{CA7BDFC5-5686-443B-AFB6-8661D767E978}"
EndProject
Project("{FAE04EC0-301F-11D3-BF4B-00C04F79EFBC}") = "Demo.Win8", "Demo.Win8\Demo.Win8.csproj", "{385E1729-6B57-4D53-95A1-FB6C444D316A}"
EndProject
Global
	GlobalSection(SolutionConfigurationPlatforms) = preSolution
		Debug|Any CPU = Debug|Any CPU
		Debug|ARM = Debug|ARM
		Debug|x64 = Debug|x64
		Debug|x86 = Debug|x86
		Release|Any CPU = Release|Any CPU
		Release|ARM = Release|ARM
		Release|x64 = Release|x64
		Release|x86 = Release|x86
	EndGlobalSection
	GlobalSection(ProjectConfigurationPlatforms) = postSolution
		{CE80B472-92BB-4A3A-9754-31F540429138}.Debug|Any CPU.ActiveCfg = Debug|Any CPU
		{CE80B472-92BB-4A3A-9754-31F540429138}.Debug|Any CPU.Build.0 = Debug|Any CPU
		{CE80B472-92BB-4A3A-9754-31F540429138}.Debug|ARM.ActiveCfg = Debug|Any CPU
		{CE80B472-92BB-4A3A-9754-31F540429138}.Debug|ARM.Build.0 = Debug|Any CPU
		{CE80B472-92BB-4A3A-9754-31F540429138}.Debug|x64.ActiveCfg = Debug|Any CPU
		{CE80B472-92BB-4A3A-9754-31F540429138}.Debug|x64.Build.0 = Debug|Any CPU
		{CE80B472-92BB-4A3A-9754-31F540429138}.Debug|x86.ActiveCfg = Debug|Any CPU
		{CE80B472-92BB-4A3A-9754-31F540429138}.Debug|x86.Build.0 = Debug|Any CPU
		{CE80B472-92BB-4A3A-9754-31F540429138}.Release|Any CPU.ActiveCfg = Release|Any CPU
		{CE80B472-92BB-4A3A-9754-31F540429138}.Release|Any CPU.Build.0 = Release|Any CPU
		{CE80B472-92BB-4A3A-9754-31F540429138}.Release|ARM.ActiveCfg = Release|Any CPU
		{CE80B472-92BB-4A3A-9754-31F540429138}.Release|ARM.Build.0 = Release|Any CPU
		{CE80B472-92BB-4A3A-9754-31F540429138}.Release|x64.ActiveCfg = Release|Any CPU
		{CE80B472-92BB-4A3A-9754-31F540429138}.Release|x64.Build.0 = Release|Any CPU
		{CE80B472-92BB-4A3A-9754-31F540429138}.Release|x86.ActiveCfg = Release|Any CPU
		{CE80B472-92BB-4A3A-9754-31F540429138}.Release|x86.Build.0 = Release|Any CPU
		{F0F1A857-2C62-4C79-9C17-55C054D00390}.Debug|Any CPU.ActiveCfg = Debug|Any CPU
		{F0F1A857-2C62-4C79-9C17-55C054D00390}.Debug|Any CPU.Build.0 = Debug|Any CPU
		{F0F1A857-2C62-4C79-9C17-55C054D00390}.Debug|ARM.ActiveCfg = Debug|Any CPU
		{F0F1A857-2C62-4C79-9C17-55C054D00390}.Debug|ARM.Build.0 = Debug|Any CPU
		{F0F1A857-2C62-4C79-9C17-55C054D00390}.Debug|x64.ActiveCfg = Debug|Any CPU
		{F0F1A857-2C62-4C79-9C17-55C054D00390}.Debug|x64.Build.0 = Debug|Any CPU
		{F0F1A857-2C62-4C79-9C17-55C054D00390}.Debug|x86.ActiveCfg = Debug|Any CPU
		{F0F1A857-2C62-4C79-9C17-55C054D00390}.Debug|x86.Build.0 = Debug|Any CPU
		{F0F1A857-2C62-4C79-9C17-55C054D00390}.Release|Any CPU.ActiveCfg = Release|Any CPU
		{F0F1A857-2C62-4C79-9C17-55C054D00390}.Release|Any CPU.Build.0 = Release|Any CPU
		{F0F1A857-2C62-4C79-9C17-55C054D00390}.Release|ARM.ActiveCfg = Release|Any CPU
		{F0F1A857-2C62-4C79-9C17-55C054D00390}.Release|ARM.Build.0 = Release|Any CPU
		{F0F1A857-2C62-4C79-9C17-55C054D00390}.Release|x64.ActiveCfg = Release|Any CPU
		{F0F1A857-2C62-4C79-9C17-55C054D00390}.Release|x64.Build.0 = Release|Any CPU
		{F0F1A857-2C62-4C79-9C17-55C054D00390}.Release|x86.ActiveCfg = Release|Any CPU
		{F0F1A857-2C62-4C79-9C17-55C054D00390}.Release|x86.Build.0 = Release|Any CPU
		{CA7BDFC5-5686-443B-AFB6-8661D767E978}.Debug|Any CPU.ActiveCfg = Debug|Any CPU
		{CA7BDFC5-5686-443B-AFB6-8661D767E978}.Debug|Any CPU.Build.0 = Debug|Any CPU
		{CA7BDFC5-5686-443B-AFB6-8661D767E978}.Debug|ARM.ActiveCfg = Debug|Any CPU
		{CA7BDFC5-5686-443B-AFB6-8661D767E978}.Debug|ARM.Build.0 = Debug|Any CPU
		{CA7BDFC5-5686-443B-AFB6-8661D767E978}.Debug|x64.ActiveCfg = Debug|Any CPU
		{CA7BDFC5-5686-443B-AFB6-8661D767E978}.Debug|x64.Build.0 = Debug|Any CPU
		{CA7BDFC5-5686-443B-AFB6-8661D767E978}.Debug|x86.ActiveCfg = Debug|Any CPU
		{CA7BDFC5-5686-443B-AFB6-8661D767E978}.Debug|x86.Build.0 = Debug|Any CPU
		{CA7BDFC5-5686-443B-AFB6-8661D767E978}.Release|Any CPU.ActiveCfg = Release|Any CPU
		{CA7BDFC5-5686-443B-AFB6-8661D767E978}.Release|Any CPU.Build.0 = Release|Any CPU
		{CA7BDFC5-5686-443B-AFB6-8661D767E978}.Release|ARM.ActiveCfg = Release|Any CPU
		{CA7BDFC5-5686-443B-AFB6-8661D767E978}.Release|ARM.Build.0 = Release|Any CPU
		{CA7BDFC5-5686-443B-AFB6-8661D767E978}.Release|x64.ActiveCfg = Release|Any CPU
		{CA7BDFC5-5686-443B-AFB6-8661D767E978}.Release|x64.Build.0 = Release|Any CPU
		{CA7BDFC5-5686-443B-AFB6-8661D767E978}.Release|x86.ActiveCfg = Release|Any CPU
		{CA7BDFC5-5686-443B-AFB6-8661D767E978}.Release|x86.Build.0 = Release|Any CPU
		{385E1729-6B57-4D53-95A1-FB6C444D316A}.Debug|Any CPU.ActiveCfg = Debug|Any CPU
		{385E1729-6B57-4D53-95A1-FB6C444D316A}.Debug|Any CPU.Build.0 = Debug|Any CPU
		{385E1729-6B57-4D53-95A1-FB6C444D316A}.Debug|Any CPU.Deploy.0 = Debug|Any CPU
		{385E1729-6B57-4D53-95A1-FB6C444D316A}.Debug|ARM.ActiveCfg = Debug|ARM
		{385E1729-6B57-4D53-95A1-FB6C444D316A}.Debug|ARM.Build.0 = Debug|ARM
		{385E1729-6B57-4D53-95A1-FB6C444D316A}.Debug|ARM.Deploy.0 = Debug|ARM
		{385E1729-6B57-4D53-95A1-FB6C444D316A}.Debug|x64.ActiveCfg = Debug|x64
		{385E1729-6B57-4D53-95A1-FB6C444D316A}.Debug|x64.Build.0 = Debug|x64
		{385E1729-6B57-4D53-95A1-FB6C444D316A}.Debug|x64.Deploy.0 = Debug|x64
		{385E1729-6B57-4D53-95A1-FB6C444D316A}.Debug|x86.ActiveCfg = Debug|x86
		{385E1729-6B57-4D53-95A1-FB6C444D316A}.Debug|x86.Build.0 = Debug|x86
		{385E1729-6B57-4D53-95A1-FB6C444D316A}.Debug|x86.Deploy.0 = Debug|x86
		{385E1729-6B57-4D53-95A1-FB6C444D316A}.Release|Any CPU.ActiveCfg = Release|Any CPU
		{385E1729-6B57-4D53-95A1-FB6C444D316A}.Release|Any CPU.Build.0 = Release|Any CPU
		{385E1729-6B57-4D53-95A1-FB6C444D316A}.Release|Any CPU.Deploy.0 = Release|Any CPU
		{385E1729-6B57-4D53-95A1-FB6C444D316A}.Release|ARM.ActiveCfg = Release|ARM
		{385E1729-6B57-4D53-95A1-FB6C444D316A}.Release|ARM.Build.0 = Release|ARM
		{385E1729-6B57-4D53-95A1-FB6C444D316A}.Release|ARM.Deploy.0 = Release|ARM
		{385E1729-6B57-4D53-95A1-FB6C444D316A}.Release|x64.ActiveCfg = Release|x64
		{385E1729-6B57-4D53-95A1-FB6C444D316A}.Release|x64.Build.0 = Release|x64
		{385E1729-6B57-4D53-95A1-FB6C444D316A}.Release|x64.Deploy.0 = Release|x64
		{385E1729-6B57-4D53-95A1-FB6C444D316A}.Release|x86.ActiveCfg = Release|x86
		{385E1729-6B57-4D53-95A1-FB6C444D316A}.Release|x86.Build.0 = Release|x86
		{385E1729-6B57-4D53-95A1-FB6C444D316A}.Release|x86.Deploy.0 = Release|x86
	EndGlobalSection
	GlobalSection(SolutionProperties) = preSolution
		HideSolutionNode = FALSE
	EndGlobalSection
EndGlobal
